// !$*UTF8*$!
{
	archiveVersion = 1;
	classes = {
	};
	objectVersion = 60;
	objects = {

/* Begin PBXBuildFile section */
		2FEDC9552CF0E54A0051EFC4 /* SignInGoogleHelper.swift in Sources */ = {isa = PBXBuildFile; fileRef = 2FEDC9542CF0E54A0051EFC4 /* SignInGoogleHelper.swift */; };
		2FEDC9572CF0E6B70051EFC4 /* Zone-Hunt-Info.plist in Resources */ = {isa = PBXBuildFile; fileRef = 2FEDC9562CF0E6B70051EFC4 /* Zone-Hunt-Info.plist */; };
		2FF58AB32D52711C00A4CC06 /* CreateUserView.swift in Sources */ = {isa = PBXBuildFile; fileRef = 2FF58AB22D52711C00A4CC06 /* CreateUserView.swift */; };
		C406272D2C9C7A8B0016DFD0 /* FirebaseAnalytics in Frameworks */ = {isa = PBXBuildFile; productRef = C406272C2C9C7A8B0016DFD0 /* FirebaseAnalytics */; };
		C406272F2C9C7A8B0016DFD0 /* FirebaseAnalyticsOnDeviceConversion in Frameworks */ = {isa = PBXBuildFile; productRef = C406272E2C9C7A8B0016DFD0 /* FirebaseAnalyticsOnDeviceConversion */; };
		C40627312C9C7A8B0016DFD0 /* FirebaseAnalyticsWithoutAdIdSupport in Frameworks */ = {isa = PBXBuildFile; productRef = C40627302C9C7A8B0016DFD0 /* FirebaseAnalyticsWithoutAdIdSupport */; };
		C40627332C9C7A8B0016DFD0 /* FirebaseAppCheck in Frameworks */ = {isa = PBXBuildFile; productRef = C40627322C9C7A8B0016DFD0 /* FirebaseAppCheck */; };
		C40627352C9C7A8B0016DFD0 /* FirebaseAppDistribution-Beta in Frameworks */ = {isa = PBXBuildFile; productRef = C40627342C9C7A8B0016DFD0 /* FirebaseAppDistribution-Beta */; };
		C40627372C9C7A8B0016DFD0 /* FirebaseAuth in Frameworks */ = {isa = PBXBuildFile; productRef = C40627362C9C7A8B0016DFD0 /* FirebaseAuth */; };
		C40627392C9C7A8B0016DFD0 /* FirebaseAuthCombine-Community in Frameworks */ = {isa = PBXBuildFile; productRef = C40627382C9C7A8B0016DFD0 /* FirebaseAuthCombine-Community */; };
		C406273B2C9C7A8B0016DFD0 /* FirebaseCrashlytics in Frameworks */ = {isa = PBXBuildFile; productRef = C406273A2C9C7A8B0016DFD0 /* FirebaseCrashlytics */; };
		C406273D2C9C7A8B0016DFD0 /* FirebaseDatabase in Frameworks */ = {isa = PBXBuildFile; productRef = C406273C2C9C7A8B0016DFD0 /* FirebaseDatabase */; };
		C406273F2C9C7A8B0016DFD0 /* FirebaseDynamicLinks in Frameworks */ = {isa = PBXBuildFile; productRef = C406273E2C9C7A8B0016DFD0 /* FirebaseDynamicLinks */; };
		C40627412C9C7A8B0016DFD0 /* FirebaseFirestore in Frameworks */ = {isa = PBXBuildFile; productRef = C40627402C9C7A8B0016DFD0 /* FirebaseFirestore */; };
		C40627432C9C7A8B0016DFD0 /* FirebaseFirestoreCombine-Community in Frameworks */ = {isa = PBXBuildFile; productRef = C40627422C9C7A8B0016DFD0 /* FirebaseFirestoreCombine-Community */; };
		C40627452C9C7A8B0016DFD0 /* FirebaseFunctions in Frameworks */ = {isa = PBXBuildFile; productRef = C40627442C9C7A8B0016DFD0 /* FirebaseFunctions */; };
		C40627472C9C7A8B0016DFD0 /* FirebaseFunctionsCombine-Community in Frameworks */ = {isa = PBXBuildFile; productRef = C40627462C9C7A8B0016DFD0 /* FirebaseFunctionsCombine-Community */; };
		C40627492C9C7A8B0016DFD0 /* FirebaseInAppMessaging-Beta in Frameworks */ = {isa = PBXBuildFile; productRef = C40627482C9C7A8B0016DFD0 /* FirebaseInAppMessaging-Beta */; };
		C406274B2C9C7A8B0016DFD0 /* FirebaseInstallations in Frameworks */ = {isa = PBXBuildFile; productRef = C406274A2C9C7A8B0016DFD0 /* FirebaseInstallations */; };
		C406274D2C9C7A8B0016DFD0 /* FirebaseMLModelDownloader in Frameworks */ = {isa = PBXBuildFile; productRef = C406274C2C9C7A8B0016DFD0 /* FirebaseMLModelDownloader */; };
		C406274F2C9C7A8B0016DFD0 /* FirebaseMessaging in Frameworks */ = {isa = PBXBuildFile; productRef = C406274E2C9C7A8B0016DFD0 /* FirebaseMessaging */; };
		C40627512C9C7A8B0016DFD0 /* FirebasePerformance in Frameworks */ = {isa = PBXBuildFile; productRef = C40627502C9C7A8B0016DFD0 /* FirebasePerformance */; };
		C40627532C9C7A8B0016DFD0 /* FirebaseRemoteConfig in Frameworks */ = {isa = PBXBuildFile; productRef = C40627522C9C7A8B0016DFD0 /* FirebaseRemoteConfig */; };
		C40627552C9C7A8B0016DFD0 /* FirebaseStorage in Frameworks */ = {isa = PBXBuildFile; productRef = C40627542C9C7A8B0016DFD0 /* FirebaseStorage */; };
		C40627572C9C7A8B0016DFD0 /* FirebaseStorageCombine-Community in Frameworks */ = {isa = PBXBuildFile; productRef = C40627562C9C7A8B0016DFD0 /* FirebaseStorageCombine-Community */; };
		C40627592C9C7A8B0016DFD0 /* FirebaseVertexAI-Preview in Frameworks */ = {isa = PBXBuildFile; productRef = C40627582C9C7A8B0016DFD0 /* FirebaseVertexAI-Preview */; };
		C406275B2C9DC5B70016DFD0 /* AuthenticationView.swift in Sources */ = {isa = PBXBuildFile; fileRef = C406275A2C9DC5B70016DFD0 /* AuthenticationView.swift */; };
		C406275D2C9DC5D90016DFD0 /* AuthenticationManager.swift in Sources */ = {isa = PBXBuildFile; fileRef = C406275C2C9DC5D90016DFD0 /* AuthenticationManager.swift */; };
		C406275F2C9DC5FE0016DFD0 /* SignInEmailView.swift in Sources */ = {isa = PBXBuildFile; fileRef = C406275E2C9DC5FE0016DFD0 /* SignInEmailView.swift */; };
		C41373AF2C99CC80009CF569 /* CreateGameView.swift in Sources */ = {isa = PBXBuildFile; fileRef = C41373AE2C99CC80009CF569 /* CreateGameView.swift */; };
		C4205E352D7F3A6100AE3455 /* LocationManager.swift in Sources */ = {isa = PBXBuildFile; fileRef = C4205E342D7F3A6100AE3455 /* LocationManager.swift */; };
		C4205E372D847B1300AE3455 /* RootView.swift in Sources */ = {isa = PBXBuildFile; fileRef = C4205E362D847B1300AE3455 /* RootView.swift */; };
		C421B6052CA6FE250092CD51 /* GoogleSignIn in Frameworks */ = {isa = PBXBuildFile; productRef = C421B6042CA6FE250092CD51 /* GoogleSignIn */; };
		C421B6072CA6FE250092CD51 /* GoogleSignInSwift in Frameworks */ = {isa = PBXBuildFile; productRef = C421B6062CA6FE250092CD51 /* GoogleSignInSwift */; };
		C421B60E2CAC43A40092CD51 /* Utilities.swift in Sources */ = {isa = PBXBuildFile; fileRef = C421B60D2CAC43A40092CD51 /* Utilities.swift */; };
		C421B6122CAC47070092CD51 /* GoogleService-Info.plist in Resources */ = {isa = PBXBuildFile; fileRef = C421B6112CAC47070092CD51 /* GoogleService-Info.plist */; };
		C421B6142CB429A10092CD51 /* EditGameSettings.swift in Sources */ = {isa = PBXBuildFile; fileRef = C421B6132CB429A10092CD51 /* EditGameSettings.swift */; };
		C45F59E52C91E8F4002C7CA4 /* LobbyView.swift in Sources */ = {isa = PBXBuildFile; fileRef = C45F59E42C91E8F4002C7CA4 /* LobbyView.swift */; };
		C460778A2C948DAA002C84D3 /* Assets.xcassets in Resources */ = {isa = PBXBuildFile; fileRef = C484C6292C90988A001AEC91 /* Assets.xcassets */; };
		C460778B2C948DAA002C84D3 /* Assets.xcassets in Resources */ = {isa = PBXBuildFile; fileRef = C484C6292C90988A001AEC91 /* Assets.xcassets */; };
		C4722BD92D52733A00B205B5 /* JoinGameView.swift in Sources */ = {isa = PBXBuildFile; fileRef = C4722BD82D52733A00B205B5 /* JoinGameView.swift */; };
		C4722BDB2D52737900B205B5 /* LobbyDetailView.swift in Sources */ = {isa = PBXBuildFile; fileRef = C4722BDA2D52737900B205B5 /* LobbyDetailView.swift */; };
		C4722BDD2D52744C00B205B5 /* LobbyData.swift in Sources */ = {isa = PBXBuildFile; fileRef = C4722BDC2D52744C00B205B5 /* LobbyData.swift */; };
		C484C6262C909888001AEC91 /* Zone_HuntApp.swift in Sources */ = {isa = PBXBuildFile; fileRef = C484C6252C909888001AEC91 /* Zone_HuntApp.swift */; };
		C484C6282C909888001AEC91 /* ContentView.swift in Sources */ = {isa = PBXBuildFile; fileRef = C484C6272C909888001AEC91 /* ContentView.swift */; };
		C484C62A2C90988A001AEC91 /* Assets.xcassets in Resources */ = {isa = PBXBuildFile; fileRef = C484C6292C90988A001AEC91 /* Assets.xcassets */; };
		C484C62D2C90988A001AEC91 /* Preview Assets.xcassets in Resources */ = {isa = PBXBuildFile; fileRef = C484C62C2C90988A001AEC91 /* Preview Assets.xcassets */; };
		C484C6372C90988A001AEC91 /* Zone_HuntTests.swift in Sources */ = {isa = PBXBuildFile; fileRef = C484C6362C90988A001AEC91 /* Zone_HuntTests.swift */; };
		C484C6412C90988A001AEC91 /* Zone_HuntUITests.swift in Sources */ = {isa = PBXBuildFile; fileRef = C484C6402C90988A001AEC91 /* Zone_HuntUITests.swift */; };
		C484C6432C90988A001AEC91 /* Zone_HuntUITestsLaunchTests.swift in Sources */ = {isa = PBXBuildFile; fileRef = C484C6422C90988A001AEC91 /* Zone_HuntUITestsLaunchTests.swift */; };
		C484C6502C909954001AEC91 /* SettingsView.swift in Sources */ = {isa = PBXBuildFile; fileRef = C484C64F2C909954001AEC91 /* SettingsView.swift */; };
		C484C6542C9099B6001AEC91 /* MapView.swift in Sources */ = {isa = PBXBuildFile; fileRef = C484C6532C9099B6001AEC91 /* MapView.swift */; };
/* End PBXBuildFile section */

/* Begin PBXContainerItemProxy section */
		C484C6332C90988A001AEC91 /* PBXContainerItemProxy */ = {
			isa = PBXContainerItemProxy;
			containerPortal = C484C61A2C909888001AEC91 /* Project object */;
			proxyType = 1;
			remoteGlobalIDString = C484C6212C909888001AEC91;
			remoteInfo = "Zone Hunt";
		};
		C484C63D2C90988A001AEC91 /* PBXContainerItemProxy */ = {
			isa = PBXContainerItemProxy;
			containerPortal = C484C61A2C909888001AEC91 /* Project object */;
			proxyType = 1;
			remoteGlobalIDString = C484C6212C909888001AEC91;
			remoteInfo = "Zone Hunt";
		};
/* End PBXContainerItemProxy section */

/* Begin PBXFileReference section */
		2FEDC9542CF0E54A0051EFC4 /* SignInGoogleHelper.swift */ = {isa = PBXFileReference; lastKnownFileType = sourcecode.swift; path = SignInGoogleHelper.swift; sourceTree = SOURCE_ROOT; };
		2FEDC9562CF0E6B70051EFC4 /* Zone-Hunt-Info.plist */ = {isa = PBXFileReference; fileEncoding = 4; lastKnownFileType = text.plist.xml; path = "Zone-Hunt-Info.plist"; sourceTree = "<group>"; };
		2FF58AB22D52711C00A4CC06 /* CreateUserView.swift */ = {isa = PBXFileReference; lastKnownFileType = sourcecode.swift; path = CreateUserView.swift; sourceTree = "<group>"; };
		C406275A2C9DC5B70016DFD0 /* AuthenticationView.swift */ = {isa = PBXFileReference; lastKnownFileType = sourcecode.swift; name = AuthenticationView.swift; path = "Zone Hunt/Authentication/AuthenticationView.swift"; sourceTree = SOURCE_ROOT; };
		C406275C2C9DC5D90016DFD0 /* AuthenticationManager.swift */ = {isa = PBXFileReference; lastKnownFileType = sourcecode.swift; path = AuthenticationManager.swift; sourceTree = "<group>"; };
		C406275E2C9DC5FE0016DFD0 /* SignInEmailView.swift */ = {isa = PBXFileReference; lastKnownFileType = sourcecode.swift; path = SignInEmailView.swift; sourceTree = "<group>"; };
		C41373AE2C99CC80009CF569 /* CreateGameView.swift */ = {isa = PBXFileReference; lastKnownFileType = sourcecode.swift; path = CreateGameView.swift; sourceTree = "<group>"; };
		C4205E342D7F3A6100AE3455 /* LocationManager.swift */ = {isa = PBXFileReference; lastKnownFileType = sourcecode.swift; path = LocationManager.swift; sourceTree = "<group>"; };
		C4205E362D847B1300AE3455 /* RootView.swift */ = {isa = PBXFileReference; lastKnownFileType = sourcecode.swift; path = RootView.swift; sourceTree = "<group>"; };
		C421B60D2CAC43A40092CD51 /* Utilities.swift */ = {isa = PBXFileReference; lastKnownFileType = sourcecode.swift; path = Utilities.swift; sourceTree = "<group>"; };
		C421B6112CAC47070092CD51 /* GoogleService-Info.plist */ = {isa = PBXFileReference; fileEncoding = 4; lastKnownFileType = text.plist.xml; name = "GoogleService-Info.plist"; path = "../../GoogleService-Info.plist"; sourceTree = "<group>"; };
		C421B6132CB429A10092CD51 /* EditGameSettings.swift */ = {isa = PBXFileReference; lastKnownFileType = sourcecode.swift; path = EditGameSettings.swift; sourceTree = "<group>"; };
		C45F59E42C91E8F4002C7CA4 /* LobbyView.swift */ = {isa = PBXFileReference; lastKnownFileType = sourcecode.swift; path = LobbyView.swift; sourceTree = "<group>"; };
		C4722BD82D52733A00B205B5 /* JoinGameView.swift */ = {isa = PBXFileReference; lastKnownFileType = sourcecode.swift; path = JoinGameView.swift; sourceTree = "<group>"; };
		C4722BDA2D52737900B205B5 /* LobbyDetailView.swift */ = {isa = PBXFileReference; lastKnownFileType = sourcecode.swift; path = LobbyDetailView.swift; sourceTree = "<group>"; };
		C4722BDC2D52744C00B205B5 /* LobbyData.swift */ = {isa = PBXFileReference; lastKnownFileType = sourcecode.swift; path = LobbyData.swift; sourceTree = "<group>"; };
		C484C6222C909888001AEC91 /* GeoTag.app */ = {isa = PBXFileReference; explicitFileType = wrapper.application; includeInIndex = 0; path = GeoTag.app; sourceTree = BUILT_PRODUCTS_DIR; };
		C484C6252C909888001AEC91 /* Zone_HuntApp.swift */ = {isa = PBXFileReference; lastKnownFileType = sourcecode.swift; path = Zone_HuntApp.swift; sourceTree = "<group>"; };
		C484C6272C909888001AEC91 /* ContentView.swift */ = {isa = PBXFileReference; lastKnownFileType = sourcecode.swift; path = ContentView.swift; sourceTree = "<group>"; };
		C484C6292C90988A001AEC91 /* Assets.xcassets */ = {isa = PBXFileReference; lastKnownFileType = folder.assetcatalog; path = Assets.xcassets; sourceTree = "<group>"; };
		C484C62C2C90988A001AEC91 /* Preview Assets.xcassets */ = {isa = PBXFileReference; lastKnownFileType = folder.assetcatalog; path = "Preview Assets.xcassets"; sourceTree = "<group>"; };
		C484C6322C90988A001AEC91 /* GeoTagTests.xctest */ = {isa = PBXFileReference; explicitFileType = wrapper.cfbundle; includeInIndex = 0; path = GeoTagTests.xctest; sourceTree = BUILT_PRODUCTS_DIR; };
		C484C6362C90988A001AEC91 /* Zone_HuntTests.swift */ = {isa = PBXFileReference; lastKnownFileType = sourcecode.swift; path = Zone_HuntTests.swift; sourceTree = "<group>"; };
		C484C63C2C90988A001AEC91 /* GeoTagUITests.xctest */ = {isa = PBXFileReference; explicitFileType = wrapper.cfbundle; includeInIndex = 0; path = GeoTagUITests.xctest; sourceTree = BUILT_PRODUCTS_DIR; };
		C484C6402C90988A001AEC91 /* Zone_HuntUITests.swift */ = {isa = PBXFileReference; lastKnownFileType = sourcecode.swift; path = Zone_HuntUITests.swift; sourceTree = "<group>"; };
		C484C6422C90988A001AEC91 /* Zone_HuntUITestsLaunchTests.swift */ = {isa = PBXFileReference; lastKnownFileType = sourcecode.swift; path = Zone_HuntUITestsLaunchTests.swift; sourceTree = "<group>"; };
		C484C64F2C909954001AEC91 /* SettingsView.swift */ = {isa = PBXFileReference; lastKnownFileType = sourcecode.swift; path = SettingsView.swift; sourceTree = "<group>"; };
		C484C6532C9099B6001AEC91 /* MapView.swift */ = {isa = PBXFileReference; lastKnownFileType = sourcecode.swift; path = MapView.swift; sourceTree = "<group>"; };
/* End PBXFileReference section */

/* Begin PBXFrameworksBuildPhase section */
		C484C61F2C909888001AEC91 /* Frameworks */ = {
			isa = PBXFrameworksBuildPhase;
			buildActionMask = 2147483647;
			files = (
				C40627572C9C7A8B0016DFD0 /* FirebaseStorageCombine-Community in Frameworks */,
				C406274F2C9C7A8B0016DFD0 /* FirebaseMessaging in Frameworks */,
				C406274D2C9C7A8B0016DFD0 /* FirebaseMLModelDownloader in Frameworks */,
				C40627332C9C7A8B0016DFD0 /* FirebaseAppCheck in Frameworks */,
				C40627372C9C7A8B0016DFD0 /* FirebaseAuth in Frameworks */,
				C406272D2C9C7A8B0016DFD0 /* FirebaseAnalytics in Frameworks */,
				C40627352C9C7A8B0016DFD0 /* FirebaseAppDistribution-Beta in Frameworks */,
				C40627312C9C7A8B0016DFD0 /* FirebaseAnalyticsWithoutAdIdSupport in Frameworks */,
				C406273B2C9C7A8B0016DFD0 /* FirebaseCrashlytics in Frameworks */,
				C406273D2C9C7A8B0016DFD0 /* FirebaseDatabase in Frameworks */,
				C40627472C9C7A8B0016DFD0 /* FirebaseFunctionsCombine-Community in Frameworks */,
				C40627392C9C7A8B0016DFD0 /* FirebaseAuthCombine-Community in Frameworks */,
				C40627552C9C7A8B0016DFD0 /* FirebaseStorage in Frameworks */,
				C406272F2C9C7A8B0016DFD0 /* FirebaseAnalyticsOnDeviceConversion in Frameworks */,
				C40627452C9C7A8B0016DFD0 /* FirebaseFunctions in Frameworks */,
				C406274B2C9C7A8B0016DFD0 /* FirebaseInstallations in Frameworks */,
				C40627512C9C7A8B0016DFD0 /* FirebasePerformance in Frameworks */,
				C421B6052CA6FE250092CD51 /* GoogleSignIn in Frameworks */,
				C40627432C9C7A8B0016DFD0 /* FirebaseFirestoreCombine-Community in Frameworks */,
				C40627412C9C7A8B0016DFD0 /* FirebaseFirestore in Frameworks */,
				C421B6072CA6FE250092CD51 /* GoogleSignInSwift in Frameworks */,
				C406273F2C9C7A8B0016DFD0 /* FirebaseDynamicLinks in Frameworks */,
				C40627492C9C7A8B0016DFD0 /* FirebaseInAppMessaging-Beta in Frameworks */,
				C40627592C9C7A8B0016DFD0 /* FirebaseVertexAI-Preview in Frameworks */,
				C40627532C9C7A8B0016DFD0 /* FirebaseRemoteConfig in Frameworks */,
			);
			runOnlyForDeploymentPostprocessing = 0;
		};
		C484C62F2C90988A001AEC91 /* Frameworks */ = {
			isa = PBXFrameworksBuildPhase;
			buildActionMask = 2147483647;
			files = (
			);
			runOnlyForDeploymentPostprocessing = 0;
		};
		C484C6392C90988A001AEC91 /* Frameworks */ = {
			isa = PBXFrameworksBuildPhase;
			buildActionMask = 2147483647;
			files = (
			);
			runOnlyForDeploymentPostprocessing = 0;
		};
/* End PBXFrameworksBuildPhase section */

/* Begin PBXGroup section */
		C421B6012CA5AC5A0092CD51 /* Frameworks */ = {
			isa = PBXGroup;
			children = (
			);
			name = Frameworks;
			sourceTree = "<group>";
		};
		C421B60B2CAAF27E0092CD51 /* Authentication */ = {
			isa = PBXGroup;
			children = (
				2FEDC9542CF0E54A0051EFC4 /* SignInGoogleHelper.swift */,
				C484C64F2C909954001AEC91 /* SettingsView.swift */,
				C406275A2C9DC5B70016DFD0 /* AuthenticationView.swift */,
				C406275C2C9DC5D90016DFD0 /* AuthenticationManager.swift */,
				C406275E2C9DC5FE0016DFD0 /* SignInEmailView.swift */,
				2FF58AB22D52711C00A4CC06 /* CreateUserView.swift */,
			);
			path = Authentication;
			sourceTree = "<group>";
		};
		C421B60C2CAC43800092CD51 /* Utilities */ = {
			isa = PBXGroup;
			children = (
				C421B60D2CAC43A40092CD51 /* Utilities.swift */,
			);
			path = Utilities;
			sourceTree = "<group>";
		};
		C484C6192C909888001AEC91 = {
			isa = PBXGroup;
			children = (
				C484C6242C909888001AEC91 /* Zone Hunt */,
				C484C6352C90988A001AEC91 /* Zone HuntTests */,
				C484C63F2C90988A001AEC91 /* Zone HuntUITests */,
				C484C6232C909888001AEC91 /* Products */,
				C421B6012CA5AC5A0092CD51 /* Frameworks */,
			);
			sourceTree = "<group>";
		};
		C484C6232C909888001AEC91 /* Products */ = {
			isa = PBXGroup;
			children = (
				C484C6222C909888001AEC91 /* GeoTag.app */,
				C484C6322C90988A001AEC91 /* GeoTagTests.xctest */,
				C484C63C2C90988A001AEC91 /* GeoTagUITests.xctest */,
			);
			name = Products;
			sourceTree = "<group>";
		};
		C484C6242C909888001AEC91 /* Zone Hunt */ = {
			isa = PBXGroup;
			children = (
				2FEDC9562CF0E6B70051EFC4 /* Zone-Hunt-Info.plist */,
				C484C6252C909888001AEC91 /* Zone_HuntApp.swift */,
				C484C6272C909888001AEC91 /* ContentView.swift */,
				C45F59E42C91E8F4002C7CA4 /* LobbyView.swift */,
				C4722BD82D52733A00B205B5 /* JoinGameView.swift */,
				C4722BDC2D52744C00B205B5 /* LobbyData.swift */,
				C4722BDA2D52737900B205B5 /* LobbyDetailView.swift */,
				C41373AE2C99CC80009CF569 /* CreateGameView.swift */,
				C421B6132CB429A10092CD51 /* EditGameSettings.swift */,
				C484C6532C9099B6001AEC91 /* MapView.swift */,
				C4205E342D7F3A6100AE3455 /* LocationManager.swift */,
				C4205E362D847B1300AE3455 /* RootView.swift */,
				C421B60C2CAC43800092CD51 /* Utilities */,
				C421B60B2CAAF27E0092CD51 /* Authentication */,
				C484C6292C90988A001AEC91 /* Assets.xcassets */,
				C421B6112CAC47070092CD51 /* GoogleService-Info.plist */,
				C484C62B2C90988A001AEC91 /* Preview Content */,
			);
			path = "Zone Hunt";
			sourceTree = "<group>";
		};
		C484C62B2C90988A001AEC91 /* Preview Content */ = {
			isa = PBXGroup;
			children = (
				C484C62C2C90988A001AEC91 /* Preview Assets.xcassets */,
			);
			path = "Preview Content";
			sourceTree = "<group>";
		};
		C484C6352C90988A001AEC91 /* Zone HuntTests */ = {
			isa = PBXGroup;
			children = (
				C484C6362C90988A001AEC91 /* Zone_HuntTests.swift */,
			);
			path = "Zone HuntTests";
			sourceTree = "<group>";
		};
		C484C63F2C90988A001AEC91 /* Zone HuntUITests */ = {
			isa = PBXGroup;
			children = (
				C484C6402C90988A001AEC91 /* Zone_HuntUITests.swift */,
				C484C6422C90988A001AEC91 /* Zone_HuntUITestsLaunchTests.swift */,
			);
			path = "Zone HuntUITests";
			sourceTree = "<group>";
		};
/* End PBXGroup section */

/* Begin PBXNativeTarget section */
		C484C6212C909888001AEC91 /* GeoTag */ = {
			isa = PBXNativeTarget;
			buildConfigurationList = C484C6462C90988A001AEC91 /* Build configuration list for PBXNativeTarget "GeoTag" */;
			buildPhases = (
				C484C61E2C909888001AEC91 /* Sources */,
				C484C61F2C909888001AEC91 /* Frameworks */,
				C484C6202C909888001AEC91 /* Resources */,
			);
			buildRules = (
			);
			dependencies = (
			);
			name = GeoTag;
			packageProductDependencies = (
				C406272C2C9C7A8B0016DFD0 /* FirebaseAnalytics */,
				C406272E2C9C7A8B0016DFD0 /* FirebaseAnalyticsOnDeviceConversion */,
				C40627302C9C7A8B0016DFD0 /* FirebaseAnalyticsWithoutAdIdSupport */,
				C40627322C9C7A8B0016DFD0 /* FirebaseAppCheck */,
				C40627342C9C7A8B0016DFD0 /* FirebaseAppDistribution-Beta */,
				C40627362C9C7A8B0016DFD0 /* FirebaseAuth */,
				C40627382C9C7A8B0016DFD0 /* FirebaseAuthCombine-Community */,
				C406273A2C9C7A8B0016DFD0 /* FirebaseCrashlytics */,
				C406273C2C9C7A8B0016DFD0 /* FirebaseDatabase */,
				C406273E2C9C7A8B0016DFD0 /* FirebaseDynamicLinks */,
				C40627402C9C7A8B0016DFD0 /* FirebaseFirestore */,
				C40627422C9C7A8B0016DFD0 /* FirebaseFirestoreCombine-Community */,
				C40627442C9C7A8B0016DFD0 /* FirebaseFunctions */,
				C40627462C9C7A8B0016DFD0 /* FirebaseFunctionsCombine-Community */,
				C40627482C9C7A8B0016DFD0 /* FirebaseInAppMessaging-Beta */,
				C406274A2C9C7A8B0016DFD0 /* FirebaseInstallations */,
				C406274C2C9C7A8B0016DFD0 /* FirebaseMLModelDownloader */,
				C406274E2C9C7A8B0016DFD0 /* FirebaseMessaging */,
				C40627502C9C7A8B0016DFD0 /* FirebasePerformance */,
				C40627522C9C7A8B0016DFD0 /* FirebaseRemoteConfig */,
				C40627542C9C7A8B0016DFD0 /* FirebaseStorage */,
				C40627562C9C7A8B0016DFD0 /* FirebaseStorageCombine-Community */,
				C40627582C9C7A8B0016DFD0 /* FirebaseVertexAI-Preview */,
				C421B6042CA6FE250092CD51 /* GoogleSignIn */,
				C421B6062CA6FE250092CD51 /* GoogleSignInSwift */,
			);
			productName = "Zone Hunt";
			productReference = C484C6222C909888001AEC91 /* GeoTag.app */;
			productType = "com.apple.product-type.application";
		};
		C484C6312C90988A001AEC91 /* GeoTagTests */ = {
			isa = PBXNativeTarget;
			buildConfigurationList = C484C6492C90988A001AEC91 /* Build configuration list for PBXNativeTarget "GeoTagTests" */;
			buildPhases = (
				C484C62E2C90988A001AEC91 /* Sources */,
				C484C62F2C90988A001AEC91 /* Frameworks */,
				C484C6302C90988A001AEC91 /* Resources */,
			);
			buildRules = (
			);
			dependencies = (
				C484C6342C90988A001AEC91 /* PBXTargetDependency */,
			);
			name = GeoTagTests;
			productName = "Zone HuntTests";
			productReference = C484C6322C90988A001AEC91 /* GeoTagTests.xctest */;
			productType = "com.apple.product-type.bundle.unit-test";
		};
		C484C63B2C90988A001AEC91 /* GeoTagUITests */ = {
			isa = PBXNativeTarget;
			buildConfigurationList = C484C64C2C90988A001AEC91 /* Build configuration list for PBXNativeTarget "GeoTagUITests" */;
			buildPhases = (
				C484C6382C90988A001AEC91 /* Sources */,
				C484C6392C90988A001AEC91 /* Frameworks */,
				C484C63A2C90988A001AEC91 /* Resources */,
			);
			buildRules = (
			);
			dependencies = (
				C484C63E2C90988A001AEC91 /* PBXTargetDependency */,
			);
			name = GeoTagUITests;
			productName = "Zone HuntUITests";
			productReference = C484C63C2C90988A001AEC91 /* GeoTagUITests.xctest */;
			productType = "com.apple.product-type.bundle.ui-testing";
		};
/* End PBXNativeTarget section */

/* Begin PBXProject section */
		C484C61A2C909888001AEC91 /* Project object */ = {
			isa = PBXProject;
			attributes = {
				BuildIndependentTargetsInParallel = 1;
				LastSwiftUpdateCheck = 1520;
				LastUpgradeCheck = 1520;
				TargetAttributes = {
					C484C6212C909888001AEC91 = {
						CreatedOnToolsVersion = 15.2;
					};
					C484C6312C90988A001AEC91 = {
						CreatedOnToolsVersion = 15.2;
						TestTargetID = C484C6212C909888001AEC91;
					};
					C484C63B2C90988A001AEC91 = {
						CreatedOnToolsVersion = 15.2;
						TestTargetID = C484C6212C909888001AEC91;
					};
				};
			};
			buildConfigurationList = C484C61D2C909888001AEC91 /* Build configuration list for PBXProject "GeoTag" */;
			compatibilityVersion = "Xcode 15.0";
			developmentRegion = en;
			hasScannedForEncodings = 0;
			knownRegions = (
				en,
				Base,
			);
			mainGroup = C484C6192C909888001AEC91;
			packageReferences = (
				C41373B62C9B27F5009CF569 /* XCRemoteSwiftPackageReference "firebase-ios-sdk" */,
				C421B6032CA6FE250092CD51 /* XCRemoteSwiftPackageReference "GoogleSignIn-iOS" */,
			);
			productRefGroup = C484C6232C909888001AEC91 /* Products */;
			projectDirPath = "";
			projectRoot = "";
			targets = (
				C484C6212C909888001AEC91 /* GeoTag */,
				C484C6312C90988A001AEC91 /* GeoTagTests */,
				C484C63B2C90988A001AEC91 /* GeoTagUITests */,
			);
		};
/* End PBXProject section */

/* Begin PBXResourcesBuildPhase section */
		C484C6202C909888001AEC91 /* Resources */ = {
			isa = PBXResourcesBuildPhase;
			buildActionMask = 2147483647;
			files = (
				C484C62D2C90988A001AEC91 /* Preview Assets.xcassets in Resources */,
				C484C62A2C90988A001AEC91 /* Assets.xcassets in Resources */,
				C421B6122CAC47070092CD51 /* GoogleService-Info.plist in Resources */,
				2FEDC9572CF0E6B70051EFC4 /* Zone-Hunt-Info.plist in Resources */,
			);
			runOnlyForDeploymentPostprocessing = 0;
		};
		C484C6302C90988A001AEC91 /* Resources */ = {
			isa = PBXResourcesBuildPhase;
			buildActionMask = 2147483647;
			files = (
				C460778A2C948DAA002C84D3 /* Assets.xcassets in Resources */,
			);
			runOnlyForDeploymentPostprocessing = 0;
		};
		C484C63A2C90988A001AEC91 /* Resources */ = {
			isa = PBXResourcesBuildPhase;
			buildActionMask = 2147483647;
			files = (
				C460778B2C948DAA002C84D3 /* Assets.xcassets in Resources */,
			);
			runOnlyForDeploymentPostprocessing = 0;
		};
/* End PBXResourcesBuildPhase section */

/* Begin PBXSourcesBuildPhase section */
		C484C61E2C909888001AEC91 /* Sources */ = {
			isa = PBXSourcesBuildPhase;
			buildActionMask = 2147483647;
			files = (
				C41373AF2C99CC80009CF569 /* CreateGameView.swift in Sources */,
				C4205E352D7F3A6100AE3455 /* LocationManager.swift in Sources */,
				C484C6502C909954001AEC91 /* SettingsView.swift in Sources */,
				C421B60E2CAC43A40092CD51 /* Utilities.swift in Sources */,
				C406275D2C9DC5D90016DFD0 /* AuthenticationManager.swift in Sources */,
				2FF58AB32D52711C00A4CC06 /* CreateUserView.swift in Sources */,
				C484C6542C9099B6001AEC91 /* MapView.swift in Sources */,
				C421B6142CB429A10092CD51 /* EditGameSettings.swift in Sources */,
				2FEDC9552CF0E54A0051EFC4 /* SignInGoogleHelper.swift in Sources */,
				C4722BD92D52733A00B205B5 /* JoinGameView.swift in Sources */,
				C484C6282C909888001AEC91 /* ContentView.swift in Sources */,
				C484C6262C909888001AEC91 /* Zone_HuntApp.swift in Sources */,
				C406275B2C9DC5B70016DFD0 /* AuthenticationView.swift in Sources */,
				C45F59E52C91E8F4002C7CA4 /* LobbyView.swift in Sources */,
				C4205E372D847B1300AE3455 /* RootView.swift in Sources */,
				C4722BDB2D52737900B205B5 /* LobbyDetailView.swift in Sources */,
				C4722BDD2D52744C00B205B5 /* LobbyData.swift in Sources */,
				C406275F2C9DC5FE0016DFD0 /* SignInEmailView.swift in Sources */,
			);
			runOnlyForDeploymentPostprocessing = 0;
		};
		C484C62E2C90988A001AEC91 /* Sources */ = {
			isa = PBXSourcesBuildPhase;
			buildActionMask = 2147483647;
			files = (
				C484C6372C90988A001AEC91 /* Zone_HuntTests.swift in Sources */,
			);
			runOnlyForDeploymentPostprocessing = 0;
		};
		C484C6382C90988A001AEC91 /* Sources */ = {
			isa = PBXSourcesBuildPhase;
			buildActionMask = 2147483647;
			files = (
				C484C6412C90988A001AEC91 /* Zone_HuntUITests.swift in Sources */,
				C484C6432C90988A001AEC91 /* Zone_HuntUITestsLaunchTests.swift in Sources */,
			);
			runOnlyForDeploymentPostprocessing = 0;
		};
/* End PBXSourcesBuildPhase section */

/* Begin PBXTargetDependency section */
		C484C6342C90988A001AEC91 /* PBXTargetDependency */ = {
			isa = PBXTargetDependency;
			target = C484C6212C909888001AEC91 /* GeoTag */;
			targetProxy = C484C6332C90988A001AEC91 /* PBXContainerItemProxy */;
		};
		C484C63E2C90988A001AEC91 /* PBXTargetDependency */ = {
			isa = PBXTargetDependency;
			target = C484C6212C909888001AEC91 /* GeoTag */;
			targetProxy = C484C63D2C90988A001AEC91 /* PBXContainerItemProxy */;
		};
/* End PBXTargetDependency section */

/* Begin XCBuildConfiguration section */
		C484C6442C90988A001AEC91 /* Debug */ = {
			isa = XCBuildConfiguration;
			buildSettings = {
				ALWAYS_SEARCH_USER_PATHS = NO;
				ASSETCATALOG_COMPILER_GENERATE_SWIFT_ASSET_SYMBOL_EXTENSIONS = YES;
				CLANG_ANALYZER_NONNULL = YES;
				CLANG_ANALYZER_NUMBER_OBJECT_CONVERSION = YES_AGGRESSIVE;
				CLANG_CXX_LANGUAGE_STANDARD = "gnu++20";
				CLANG_ENABLE_MODULES = YES;
				CLANG_ENABLE_OBJC_ARC = YES;
				CLANG_ENABLE_OBJC_WEAK = YES;
				CLANG_WARN_BLOCK_CAPTURE_AUTORELEASING = YES;
				CLANG_WARN_BOOL_CONVERSION = YES;
				CLANG_WARN_COMMA = YES;
				CLANG_WARN_CONSTANT_CONVERSION = YES;
				CLANG_WARN_DEPRECATED_OBJC_IMPLEMENTATIONS = YES;
				CLANG_WARN_DIRECT_OBJC_ISA_USAGE = YES_ERROR;
				CLANG_WARN_DOCUMENTATION_COMMENTS = YES;
				CLANG_WARN_EMPTY_BODY = YES;
				CLANG_WARN_ENUM_CONVERSION = YES;
				CLANG_WARN_INFINITE_RECURSION = YES;
				CLANG_WARN_INT_CONVERSION = YES;
				CLANG_WARN_NON_LITERAL_NULL_CONVERSION = YES;
				CLANG_WARN_OBJC_IMPLICIT_RETAIN_SELF = YES;
				CLANG_WARN_OBJC_LITERAL_CONVERSION = YES;
				CLANG_WARN_OBJC_ROOT_CLASS = YES_ERROR;
				CLANG_WARN_QUOTED_INCLUDE_IN_FRAMEWORK_HEADER = YES;
				CLANG_WARN_RANGE_LOOP_ANALYSIS = YES;
				CLANG_WARN_STRICT_PROTOTYPES = YES;
				CLANG_WARN_SUSPICIOUS_MOVE = YES;
				CLANG_WARN_UNGUARDED_AVAILABILITY = YES_AGGRESSIVE;
				CLANG_WARN_UNREACHABLE_CODE = YES;
				CLANG_WARN__DUPLICATE_METHOD_MATCH = YES;
				COPY_PHASE_STRIP = NO;
				DEBUG_INFORMATION_FORMAT = dwarf;
				ENABLE_STRICT_OBJC_MSGSEND = YES;
				ENABLE_TESTABILITY = YES;
				ENABLE_USER_SCRIPT_SANDBOXING = YES;
				GCC_C_LANGUAGE_STANDARD = gnu17;
				GCC_DYNAMIC_NO_PIC = NO;
				GCC_NO_COMMON_BLOCKS = YES;
				GCC_OPTIMIZATION_LEVEL = 0;
				GCC_PREPROCESSOR_DEFINITIONS = (
					"DEBUG=1",
					"$(inherited)",
				);
				GCC_WARN_64_TO_32_BIT_CONVERSION = YES;
				GCC_WARN_ABOUT_RETURN_TYPE = YES_ERROR;
				GCC_WARN_UNDECLARED_SELECTOR = YES;
				GCC_WARN_UNINITIALIZED_AUTOS = YES_AGGRESSIVE;
				GCC_WARN_UNUSED_FUNCTION = YES;
				GCC_WARN_UNUSED_VARIABLE = YES;
				IPHONEOS_DEPLOYMENT_TARGET = 17.2;
				LOCALIZATION_PREFERS_STRING_CATALOGS = YES;
				MTL_ENABLE_DEBUG_INFO = INCLUDE_SOURCE;
				MTL_FAST_MATH = YES;
				ONLY_ACTIVE_ARCH = YES;
				SDKROOT = iphoneos;
				SWIFT_ACTIVE_COMPILATION_CONDITIONS = "DEBUG $(inherited)";
				SWIFT_OPTIMIZATION_LEVEL = "-Onone";
			};
			name = Debug;
		};
		C484C6452C90988A001AEC91 /* Release */ = {
			isa = XCBuildConfiguration;
			buildSettings = {
				ALWAYS_SEARCH_USER_PATHS = NO;
				ASSETCATALOG_COMPILER_GENERATE_SWIFT_ASSET_SYMBOL_EXTENSIONS = YES;
				CLANG_ANALYZER_NONNULL = YES;
				CLANG_ANALYZER_NUMBER_OBJECT_CONVERSION = YES_AGGRESSIVE;
				CLANG_CXX_LANGUAGE_STANDARD = "gnu++20";
				CLANG_ENABLE_MODULES = YES;
				CLANG_ENABLE_OBJC_ARC = YES;
				CLANG_ENABLE_OBJC_WEAK = YES;
				CLANG_WARN_BLOCK_CAPTURE_AUTORELEASING = YES;
				CLANG_WARN_BOOL_CONVERSION = YES;
				CLANG_WARN_COMMA = YES;
				CLANG_WARN_CONSTANT_CONVERSION = YES;
				CLANG_WARN_DEPRECATED_OBJC_IMPLEMENTATIONS = YES;
				CLANG_WARN_DIRECT_OBJC_ISA_USAGE = YES_ERROR;
				CLANG_WARN_DOCUMENTATION_COMMENTS = YES;
				CLANG_WARN_EMPTY_BODY = YES;
				CLANG_WARN_ENUM_CONVERSION = YES;
				CLANG_WARN_INFINITE_RECURSION = YES;
				CLANG_WARN_INT_CONVERSION = YES;
				CLANG_WARN_NON_LITERAL_NULL_CONVERSION = YES;
				CLANG_WARN_OBJC_IMPLICIT_RETAIN_SELF = YES;
				CLANG_WARN_OBJC_LITERAL_CONVERSION = YES;
				CLANG_WARN_OBJC_ROOT_CLASS = YES_ERROR;
				CLANG_WARN_QUOTED_INCLUDE_IN_FRAMEWORK_HEADER = YES;
				CLANG_WARN_RANGE_LOOP_ANALYSIS = YES;
				CLANG_WARN_STRICT_PROTOTYPES = YES;
				CLANG_WARN_SUSPICIOUS_MOVE = YES;
				CLANG_WARN_UNGUARDED_AVAILABILITY = YES_AGGRESSIVE;
				CLANG_WARN_UNREACHABLE_CODE = YES;
				CLANG_WARN__DUPLICATE_METHOD_MATCH = YES;
				COPY_PHASE_STRIP = NO;
				DEBUG_INFORMATION_FORMAT = "dwarf-with-dsym";
				ENABLE_NS_ASSERTIONS = NO;
				ENABLE_STRICT_OBJC_MSGSEND = YES;
				ENABLE_USER_SCRIPT_SANDBOXING = YES;
				GCC_C_LANGUAGE_STANDARD = gnu17;
				GCC_NO_COMMON_BLOCKS = YES;
				GCC_WARN_64_TO_32_BIT_CONVERSION = YES;
				GCC_WARN_ABOUT_RETURN_TYPE = YES_ERROR;
				GCC_WARN_UNDECLARED_SELECTOR = YES;
				GCC_WARN_UNINITIALIZED_AUTOS = YES_AGGRESSIVE;
				GCC_WARN_UNUSED_FUNCTION = YES;
				GCC_WARN_UNUSED_VARIABLE = YES;
				IPHONEOS_DEPLOYMENT_TARGET = 17.2;
				LOCALIZATION_PREFERS_STRING_CATALOGS = YES;
				MTL_ENABLE_DEBUG_INFO = NO;
				MTL_FAST_MATH = YES;
				SDKROOT = iphoneos;
				SWIFT_COMPILATION_MODE = wholemodule;
				VALIDATE_PRODUCT = YES;
			};
			name = Release;
		};
		C484C6472C90988A001AEC91 /* Debug */ = {
			isa = XCBuildConfiguration;
			buildSettings = {
				ASSETCATALOG_COMPILER_APPICON_NAME = AppIcon;
				ASSETCATALOG_COMPILER_GLOBAL_ACCENT_COLOR_NAME = AccentColor;
				CODE_SIGN_STYLE = Automatic;
				CURRENT_PROJECT_VERSION = 1;
				DEVELOPMENT_ASSET_PATHS = "\"Zone Hunt/Preview Content\"";
				DEVELOPMENT_TEAM = "";
				ENABLE_PREVIEWS = YES;
				GENERATE_INFOPLIST_FILE = YES;
				INFOPLIST_FILE = "Zone-Hunt-Info.plist";
				INFOPLIST_KEY_NSLocationWhenInUseUsageDescription = "We nee your location to show your position on the map";
				INFOPLIST_KEY_UIApplicationSceneManifest_Generation = YES;
				INFOPLIST_KEY_UIApplicationSupportsIndirectInputEvents = YES;
				INFOPLIST_KEY_UILaunchScreen_Generation = YES;
				INFOPLIST_KEY_UISupportedInterfaceOrientations_iPad = "UIInterfaceOrientationPortrait UIInterfaceOrientationPortraitUpsideDown UIInterfaceOrientationLandscapeLeft UIInterfaceOrientationLandscapeRight";
				INFOPLIST_KEY_UISupportedInterfaceOrientations_iPhone = "UIInterfaceOrientationPortrait UIInterfaceOrientationLandscapeLeft UIInterfaceOrientationLandscapeRight";
				LD_RUNPATH_SEARCH_PATHS = (
					"$(inherited)",
					"@executable_path/Frameworks",
				);
				MARKETING_VERSION = 1.0;
				PRODUCT_BUNDLE_IDENTIFIER = "com.MILC-Games.Zone-Hunt";
				PRODUCT_NAME = "$(TARGET_NAME)";
				SWIFT_EMIT_LOC_STRINGS = YES;
				SWIFT_VERSION = 5.0;
				TARGETED_DEVICE_FAMILY = "1,2";
			};
			name = Debug;
		};
		C484C6482C90988A001AEC91 /* Release */ = {
			isa = XCBuildConfiguration;
			buildSettings = {
				ASSETCATALOG_COMPILER_APPICON_NAME = AppIcon;
				ASSETCATALOG_COMPILER_GLOBAL_ACCENT_COLOR_NAME = AccentColor;
				CODE_SIGN_STYLE = Automatic;
				CURRENT_PROJECT_VERSION = 1;
				DEVELOPMENT_ASSET_PATHS = "\"Zone Hunt/Preview Content\"";
				DEVELOPMENT_TEAM = "";
				ENABLE_PREVIEWS = YES;
				GENERATE_INFOPLIST_FILE = YES;
				INFOPLIST_FILE = "Zone-Hunt-Info.plist";
				INFOPLIST_KEY_NSLocationWhenInUseUsageDescription = "We nee your location to show your position on the map";
				INFOPLIST_KEY_UIApplicationSceneManifest_Generation = YES;
				INFOPLIST_KEY_UIApplicationSupportsIndirectInputEvents = YES;
				INFOPLIST_KEY_UILaunchScreen_Generation = YES;
				INFOPLIST_KEY_UISupportedInterfaceOrientations_iPad = "UIInterfaceOrientationPortrait UIInterfaceOrientationPortraitUpsideDown UIInterfaceOrientationLandscapeLeft UIInterfaceOrientationLandscapeRight";
				INFOPLIST_KEY_UISupportedInterfaceOrientations_iPhone = "UIInterfaceOrientationPortrait UIInterfaceOrientationLandscapeLeft UIInterfaceOrientationLandscapeRight";
				LD_RUNPATH_SEARCH_PATHS = (
					"$(inherited)",
					"@executable_path/Frameworks",
				);
				MARKETING_VERSION = 1.0;
				PRODUCT_BUNDLE_IDENTIFIER = "com.MILC-Games.Zone-Hunt";
				PRODUCT_NAME = "$(TARGET_NAME)";
				SWIFT_EMIT_LOC_STRINGS = YES;
				SWIFT_VERSION = 5.0;
				TARGETED_DEVICE_FAMILY = "1,2";
			};
			name = Release;
		};
		C484C64A2C90988A001AEC91 /* Debug */ = {
			isa = XCBuildConfiguration;
			buildSettings = {
				ALWAYS_EMBED_SWIFT_STANDARD_LIBRARIES = YES;
				BUNDLE_LOADER = "$(TEST_HOST)";
				CODE_SIGN_STYLE = Automatic;
				CURRENT_PROJECT_VERSION = 1;
				GENERATE_INFOPLIST_FILE = YES;
				IPHONEOS_DEPLOYMENT_TARGET = 17.2;
				MARKETING_VERSION = 1.0;
				PRODUCT_BUNDLE_IDENTIFIER = "MILC-Games.Zone-HuntTests";
				PRODUCT_NAME = "$(TARGET_NAME)";
				SWIFT_EMIT_LOC_STRINGS = NO;
				SWIFT_VERSION = 5.0;
				TARGETED_DEVICE_FAMILY = "1,2";
				TEST_HOST = "$(BUILT_PRODUCTS_DIR)/Zone Hunt.app/$(BUNDLE_EXECUTABLE_FOLDER_PATH)/Zone Hunt";
			};
			name = Debug;
		};
		C484C64B2C90988A001AEC91 /* Release */ = {
			isa = XCBuildConfiguration;
			buildSettings = {
				ALWAYS_EMBED_SWIFT_STANDARD_LIBRARIES = YES;
				BUNDLE_LOADER = "$(TEST_HOST)";
				CODE_SIGN_STYLE = Automatic;
				CURRENT_PROJECT_VERSION = 1;
				GENERATE_INFOPLIST_FILE = YES;
				IPHONEOS_DEPLOYMENT_TARGET = 17.2;
				MARKETING_VERSION = 1.0;
				PRODUCT_BUNDLE_IDENTIFIER = "MILC-Games.Zone-HuntTests";
				PRODUCT_NAME = "$(TARGET_NAME)";
				SWIFT_EMIT_LOC_STRINGS = NO;
				SWIFT_VERSION = 5.0;
				TARGETED_DEVICE_FAMILY = "1,2";
				TEST_HOST = "$(BUILT_PRODUCTS_DIR)/Zone Hunt.app/$(BUNDLE_EXECUTABLE_FOLDER_PATH)/Zone Hunt";
			};
			name = Release;
		};
		C484C64D2C90988A001AEC91 /* Debug */ = {
			isa = XCBuildConfiguration;
			buildSettings = {
				ALWAYS_EMBED_SWIFT_STANDARD_LIBRARIES = YES;
				CODE_SIGN_STYLE = Automatic;
				CURRENT_PROJECT_VERSION = 1;
				GENERATE_INFOPLIST_FILE = YES;
				MARKETING_VERSION = 1.0;
				PRODUCT_BUNDLE_IDENTIFIER = "MILC-Games.Zone-HuntUITests";
				PRODUCT_NAME = "$(TARGET_NAME)";
				SWIFT_EMIT_LOC_STRINGS = NO;
				SWIFT_VERSION = 5.0;
				TARGETED_DEVICE_FAMILY = "1,2";
				TEST_TARGET_NAME = "Zone Hunt";
			};
			name = Debug;
		};
		C484C64E2C90988A001AEC91 /* Release */ = {
			isa = XCBuildConfiguration;
			buildSettings = {
				ALWAYS_EMBED_SWIFT_STANDARD_LIBRARIES = YES;
				CODE_SIGN_STYLE = Automatic;
				CURRENT_PROJECT_VERSION = 1;
				GENERATE_INFOPLIST_FILE = YES;
				MARKETING_VERSION = 1.0;
				PRODUCT_BUNDLE_IDENTIFIER = "MILC-Games.Zone-HuntUITests";
				PRODUCT_NAME = "$(TARGET_NAME)";
				SWIFT_EMIT_LOC_STRINGS = NO;
				SWIFT_VERSION = 5.0;
				TARGETED_DEVICE_FAMILY = "1,2";
				TEST_TARGET_NAME = "Zone Hunt";
			};
			name = Release;
		};
/* End XCBuildConfiguration section */

/* Begin XCConfigurationList section */
		C484C61D2C909888001AEC91 /* Build configuration list for PBXProject "GeoTag" */ = {
			isa = XCConfigurationList;
			buildConfigurations = (
				C484C6442C90988A001AEC91 /* Debug */,
				C484C6452C90988A001AEC91 /* Release */,
			);
			defaultConfigurationIsVisible = 0;
			defaultConfigurationName = Release;
		};
		C484C6462C90988A001AEC91 /* Build configuration list for PBXNativeTarget "GeoTag" */ = {
			isa = XCConfigurationList;
			buildConfigurations = (
				C484C6472C90988A001AEC91 /* Debug */,
				C484C6482C90988A001AEC91 /* Release */,
			);
			defaultConfigurationIsVisible = 0;
			defaultConfigurationName = Release;
		};
		C484C6492C90988A001AEC91 /* Build configuration list for PBXNativeTarget "GeoTagTests" */ = {
			isa = XCConfigurationList;
			buildConfigurations = (
				C484C64A2C90988A001AEC91 /* Debug */,
				C484C64B2C90988A001AEC91 /* Release */,
			);
			defaultConfigurationIsVisible = 0;
			defaultConfigurationName = Release;
		};
		C484C64C2C90988A001AEC91 /* Build configuration list for PBXNativeTarget "GeoTagUITests" */ = {
			isa = XCConfigurationList;
			buildConfigurations = (
				C484C64D2C90988A001AEC91 /* Debug */,
				C484C64E2C90988A001AEC91 /* Release */,
			);
			defaultConfigurationIsVisible = 0;
			defaultConfigurationName = Release;
		};
/* End XCConfigurationList section */

/* Begin XCRemoteSwiftPackageReference section */
		C41373B62C9B27F5009CF569 /* XCRemoteSwiftPackageReference "firebase-ios-sdk" */ = {
			isa = XCRemoteSwiftPackageReference;
			repositoryURL = "https://github.com/firebase/firebase-ios-sdk";
			requirement = {
				kind = upToNextMajorVersion;
				minimumVersion = 11.2.0;
			};
		};
		C421B6032CA6FE250092CD51 /* XCRemoteSwiftPackageReference "GoogleSignIn-iOS" */ = {
			isa = XCRemoteSwiftPackageReference;
			repositoryURL = "https://github.com/google/GoogleSignIn-iOS";
			requirement = {
				kind = upToNextMajorVersion;
				minimumVersion = 8.0.0;
			};
		};
/* End XCRemoteSwiftPackageReference section */

/* Begin XCSwiftPackageProductDependency section */
		C406272C2C9C7A8B0016DFD0 /* FirebaseAnalytics */ = {
			isa = XCSwiftPackageProductDependency;
			package = C41373B62C9B27F5009CF569 /* XCRemoteSwiftPackageReference "firebase-ios-sdk" */;
			productName = FirebaseAnalytics;
		};
		C406272E2C9C7A8B0016DFD0 /* FirebaseAnalyticsOnDeviceConversion */ = {
			isa = XCSwiftPackageProductDependency;
			package = C41373B62C9B27F5009CF569 /* XCRemoteSwiftPackageReference "firebase-ios-sdk" */;
			productName = FirebaseAnalyticsOnDeviceConversion;
		};
		C40627302C9C7A8B0016DFD0 /* FirebaseAnalyticsWithoutAdIdSupport */ = {
			isa = XCSwiftPackageProductDependency;
			package = C41373B62C9B27F5009CF569 /* XCRemoteSwiftPackageReference "firebase-ios-sdk" */;
			productName = FirebaseAnalyticsWithoutAdIdSupport;
		};
		C40627322C9C7A8B0016DFD0 /* FirebaseAppCheck */ = {
			isa = XCSwiftPackageProductDependency;
			package = C41373B62C9B27F5009CF569 /* XCRemoteSwiftPackageReference "firebase-ios-sdk" */;
			productName = FirebaseAppCheck;
		};
		C40627342C9C7A8B0016DFD0 /* FirebaseAppDistribution-Beta */ = {
			isa = XCSwiftPackageProductDependency;
			package = C41373B62C9B27F5009CF569 /* XCRemoteSwiftPackageReference "firebase-ios-sdk" */;
			productName = "FirebaseAppDistribution-Beta";
		};
		C40627362C9C7A8B0016DFD0 /* FirebaseAuth */ = {
			isa = XCSwiftPackageProductDependency;
			package = C41373B62C9B27F5009CF569 /* XCRemoteSwiftPackageReference "firebase-ios-sdk" */;
			productName = FirebaseAuth;
		};
		C40627382C9C7A8B0016DFD0 /* FirebaseAuthCombine-Community */ = {
			isa = XCSwiftPackageProductDependency;
			package = C41373B62C9B27F5009CF569 /* XCRemoteSwiftPackageReference "firebase-ios-sdk" */;
			productName = "FirebaseAuthCombine-Community";
		};
		C406273A2C9C7A8B0016DFD0 /* FirebaseCrashlytics */ = {
			isa = XCSwiftPackageProductDependency;
			package = C41373B62C9B27F5009CF569 /* XCRemoteSwiftPackageReference "firebase-ios-sdk" */;
			productName = FirebaseCrashlytics;
		};
		C406273C2C9C7A8B0016DFD0 /* FirebaseDatabase */ = {
			isa = XCSwiftPackageProductDependency;
			package = C41373B62C9B27F5009CF569 /* XCRemoteSwiftPackageReference "firebase-ios-sdk" */;
			productName = FirebaseDatabase;
		};
		C406273E2C9C7A8B0016DFD0 /* FirebaseDynamicLinks */ = {
			isa = XCSwiftPackageProductDependency;
			package = C41373B62C9B27F5009CF569 /* XCRemoteSwiftPackageReference "firebase-ios-sdk" */;
			productName = FirebaseDynamicLinks;
		};
		C40627402C9C7A8B0016DFD0 /* FirebaseFirestore */ = {
			isa = XCSwiftPackageProductDependency;
			package = C41373B62C9B27F5009CF569 /* XCRemoteSwiftPackageReference "firebase-ios-sdk" */;
			productName = FirebaseFirestore;
		};
		C40627422C9C7A8B0016DFD0 /* FirebaseFirestoreCombine-Community */ = {
			isa = XCSwiftPackageProductDependency;
			package = C41373B62C9B27F5009CF569 /* XCRemoteSwiftPackageReference "firebase-ios-sdk" */;
			productName = "FirebaseFirestoreCombine-Community";
		};
		C40627442C9C7A8B0016DFD0 /* FirebaseFunctions */ = {
			isa = XCSwiftPackageProductDependency;
			package = C41373B62C9B27F5009CF569 /* XCRemoteSwiftPackageReference "firebase-ios-sdk" */;
			productName = FirebaseFunctions;
		};
		C40627462C9C7A8B0016DFD0 /* FirebaseFunctionsCombine-Community */ = {
			isa = XCSwiftPackageProductDependency;
			package = C41373B62C9B27F5009CF569 /* XCRemoteSwiftPackageReference "firebase-ios-sdk" */;
			productName = "FirebaseFunctionsCombine-Community";
		};
		C40627482C9C7A8B0016DFD0 /* FirebaseInAppMessaging-Beta */ = {
			isa = XCSwiftPackageProductDependency;
			package = C41373B62C9B27F5009CF569 /* XCRemoteSwiftPackageReference "firebase-ios-sdk" */;
			productName = "FirebaseInAppMessaging-Beta";
		};
		C406274A2C9C7A8B0016DFD0 /* FirebaseInstallations */ = {
			isa = XCSwiftPackageProductDependency;
			package = C41373B62C9B27F5009CF569 /* XCRemoteSwiftPackageReference "firebase-ios-sdk" */;
			productName = FirebaseInstallations;
		};
		C406274C2C9C7A8B0016DFD0 /* FirebaseMLModelDownloader */ = {
			isa = XCSwiftPackageProductDependency;
			package = C41373B62C9B27F5009CF569 /* XCRemoteSwiftPackageReference "firebase-ios-sdk" */;
			productName = FirebaseMLModelDownloader;
		};
		C406274E2C9C7A8B0016DFD0 /* FirebaseMessaging */ = {
			isa = XCSwiftPackageProductDependency;
			package = C41373B62C9B27F5009CF569 /* XCRemoteSwiftPackageReference "firebase-ios-sdk" */;
			productName = FirebaseMessaging;
		};
		C40627502C9C7A8B0016DFD0 /* FirebasePerformance */ = {
			isa = XCSwiftPackageProductDependency;
			package = C41373B62C9B27F5009CF569 /* XCRemoteSwiftPackageReference "firebase-ios-sdk" */;
			productName = FirebasePerformance;
		};
		C40627522C9C7A8B0016DFD0 /* FirebaseRemoteConfig */ = {
			isa = XCSwiftPackageProductDependency;
			package = C41373B62C9B27F5009CF569 /* XCRemoteSwiftPackageReference "firebase-ios-sdk" */;
			productName = FirebaseRemoteConfig;
		};
		C40627542C9C7A8B0016DFD0 /* FirebaseStorage */ = {
			isa = XCSwiftPackageProductDependency;
			package = C41373B62C9B27F5009CF569 /* XCRemoteSwiftPackageReference "firebase-ios-sdk" */;
			productName = FirebaseStorage;
		};
		C40627562C9C7A8B0016DFD0 /* FirebaseStorageCombine-Community */ = {
			isa = XCSwiftPackageProductDependency;
			package = C41373B62C9B27F5009CF569 /* XCRemoteSwiftPackageReference "firebase-ios-sdk" */;
			productName = "FirebaseStorageCombine-Community";
		};
		C40627582C9C7A8B0016DFD0 /* FirebaseVertexAI-Preview */ = {
			isa = XCSwiftPackageProductDependency;
			package = C41373B62C9B27F5009CF569 /* XCRemoteSwiftPackageReference "firebase-ios-sdk" */;
			productName = "FirebaseVertexAI-Preview";
		};
		C421B6042CA6FE250092CD51 /* GoogleSignIn */ = {
			isa = XCSwiftPackageProductDependency;
			package = C421B6032CA6FE250092CD51 /* XCRemoteSwiftPackageReference "GoogleSignIn-iOS" */;
			productName = GoogleSignIn;
		};
		C421B6062CA6FE250092CD51 /* GoogleSignInSwift */ = {
			isa = XCSwiftPackageProductDependency;
			package = C421B6032CA6FE250092CD51 /* XCRemoteSwiftPackageReference "GoogleSignIn-iOS" */;
			productName = GoogleSignInSwift;
		};
/* End XCSwiftPackageProductDependency section */
	};
	rootObject = C484C61A2C909888001AEC91 /* Project object */;
}
